// !$*UTF8*$!
{
	archiveVersion = 1;
	classes = {
	};
	objectVersion = 56;
	objects = {

/* Begin PBXBuildFile section */
		271AEC777F15A209D0AF018E /* Pods_WishList.framework in Frameworks */ = {isa = PBXBuildFile; fileRef = E5E9132EB91BDA24446FD0D3 /* Pods_WishList.framework */; };
		39361DF12BA020EC008B0AD9 /* SetPassView.swift in Sources */ = {isa = PBXBuildFile; fileRef = 39361DF02BA020EC008B0AD9 /* SetPassView.swift */; };
		3958285D2B21DB13007E085C /* WishListApp.swift in Sources */ = {isa = PBXBuildFile; fileRef = 3958285C2B21DB13007E085C /* WishListApp.swift */; };
		395828612B21DB15007E085C /* Assets.xcassets in Resources */ = {isa = PBXBuildFile; fileRef = 395828602B21DB15007E085C /* Assets.xcassets */; };
		395828642B21DB15007E085C /* Preview Assets.xcassets in Resources */ = {isa = PBXBuildFile; fileRef = 395828632B21DB15007E085C /* Preview Assets.xcassets */; };
		3958286F2B21E148007E085C /* FolderView.swift in Sources */ = {isa = PBXBuildFile; fileRef = 3958286E2B21E148007E085C /* FolderView.swift */; };
		395828712B2347FE007E085C /* ListView.swift in Sources */ = {isa = PBXBuildFile; fileRef = 395828702B2347FE007E085C /* ListView.swift */; };
		395828752B29C152007E085C /* BucketList.xcdatamodeld in Sources */ = {isa = PBXBuildFile; fileRef = 395828732B29C152007E085C /* BucketList.xcdatamodeld */; };
		395828792B29C576007E085C /* ListModel+CoreDataClass.swift in Sources */ = {isa = PBXBuildFile; fileRef = 395828772B29C576007E085C /* ListModel+CoreDataClass.swift */; };
		3958287A2B29C576007E085C /* ListModel+CoreDataProperties.swift in Sources */ = {isa = PBXBuildFile; fileRef = 395828782B29C576007E085C /* ListModel+CoreDataProperties.swift */; };
		3958287C2B29C8CE007E085C /* Persistence.swift in Sources */ = {isa = PBXBuildFile; fileRef = 3958287B2B29C8CE007E085C /* Persistence.swift */; };
		395828A52B2D2356007E085C /* AddListView.swift in Sources */ = {isa = PBXBuildFile; fileRef = 395828A42B2D2356007E085C /* AddListView.swift */; };
		395828A72B2D75EE007E085C /* WriteFolderView.swift in Sources */ = {isa = PBXBuildFile; fileRef = 395828A62B2D75ED007E085C /* WriteFolderView.swift */; };
		39B4A8542B99A6BD00FDFE67 /* PassView.swift in Sources */ = {isa = PBXBuildFile; fileRef = 39B4A8532B99A6BD00FDFE67 /* PassView.swift */; };
		39C7D2BE2B8865F9009F32B1 /* SettingView.swift in Sources */ = {isa = PBXBuildFile; fileRef = 39C7D2BD2B8865F9009F32B1 /* SettingView.swift */; };
		39C7D2C02B886C84009F32B1 /* FirstTabView.swift in Sources */ = {isa = PBXBuildFile; fileRef = 39C7D2BF2B886C84009F32B1 /* FirstTabView.swift */; };
		39CC4ABF2B6F602500F070D9 /* CategoryView.swift in Sources */ = {isa = PBXBuildFile; fileRef = 39CC4ABE2B6F602500F070D9 /* CategoryView.swift */; };
		39CC4AC62B6F748E00F070D9 /* CategoryEntity+CoreDataClass.swift in Sources */ = {isa = PBXBuildFile; fileRef = 39CC4AC42B6F748E00F070D9 /* CategoryEntity+CoreDataClass.swift */; };
		39CC4AC72B6F748E00F070D9 /* CategoryEntity+CoreDataProperties.swift in Sources */ = {isa = PBXBuildFile; fileRef = 39CC4AC52B6F748E00F070D9 /* CategoryEntity+CoreDataProperties.swift */; };
		39CC4AC92B70F8A600F070D9 /* AddCategoryView.swift in Sources */ = {isa = PBXBuildFile; fileRef = 39CC4AC82B70F8A600F070D9 /* AddCategoryView.swift */; };
		39E54C682B2E949100298D98 /* WishListViewModel.swift in Sources */ = {isa = PBXBuildFile; fileRef = 39E54C672B2E949100298D98 /* WishListViewModel.swift */; };
		39E54C6B2B3068A800298D98 /* FolderModel+CoreDataClass.swift in Sources */ = {isa = PBXBuildFile; fileRef = 39E54C692B3068A800298D98 /* FolderModel+CoreDataClass.swift */; };
		39E54C6C2B3068A800298D98 /* FolderModel+CoreDataProperties.swift in Sources */ = {isa = PBXBuildFile; fileRef = 39E54C6A2B3068A800298D98 /* FolderModel+CoreDataProperties.swift */; };
/* End PBXBuildFile section */

/* Begin PBXFileReference section */
		39361DF02BA020EC008B0AD9 /* SetPassView.swift */ = {isa = PBXFileReference; lastKnownFileType = sourcecode.swift; path = SetPassView.swift; sourceTree = "<group>"; };
		39361DF62BA1CC34008B0AD9 /* ListModel 2.xcdatamodel */ = {isa = PBXFileReference; lastKnownFileType = wrapper.xcdatamodel; path = "ListModel 2.xcdatamodel"; sourceTree = "<group>"; };
		395828592B21DB13007E085C /* WishList.app */ = {isa = PBXFileReference; explicitFileType = wrapper.application; includeInIndex = 0; path = WishList.app; sourceTree = BUILT_PRODUCTS_DIR; };
		3958285C2B21DB13007E085C /* WishListApp.swift */ = {isa = PBXFileReference; lastKnownFileType = sourcecode.swift; path = WishListApp.swift; sourceTree = "<group>"; };
		395828602B21DB15007E085C /* Assets.xcassets */ = {isa = PBXFileReference; lastKnownFileType = folder.assetcatalog; path = Assets.xcassets; sourceTree = "<group>"; };
		395828632B21DB15007E085C /* Preview Assets.xcassets */ = {isa = PBXFileReference; lastKnownFileType = folder.assetcatalog; path = "Preview Assets.xcassets"; sourceTree = "<group>"; };
		3958286E2B21E148007E085C /* FolderView.swift */ = {isa = PBXFileReference; lastKnownFileType = sourcecode.swift; path = FolderView.swift; sourceTree = "<group>"; };
		395828702B2347FE007E085C /* ListView.swift */ = {isa = PBXFileReference; lastKnownFileType = sourcecode.swift; path = ListView.swift; sourceTree = "<group>"; };
		395828742B29C152007E085C /* ListModel.xcdatamodel */ = {isa = PBXFileReference; lastKnownFileType = wrapper.xcdatamodel; path = ListModel.xcdatamodel; sourceTree = "<group>"; };
		395828772B29C576007E085C /* ListModel+CoreDataClass.swift */ = {isa = PBXFileReference; lastKnownFileType = sourcecode.swift; path = "ListModel+CoreDataClass.swift"; sourceTree = "<group>"; };
		395828782B29C576007E085C /* ListModel+CoreDataProperties.swift */ = {isa = PBXFileReference; lastKnownFileType = sourcecode.swift; path = "ListModel+CoreDataProperties.swift"; sourceTree = "<group>"; };
		3958287B2B29C8CE007E085C /* Persistence.swift */ = {isa = PBXFileReference; lastKnownFileType = sourcecode.swift; path = Persistence.swift; sourceTree = "<group>"; };
		395828A42B2D2356007E085C /* AddListView.swift */ = {isa = PBXFileReference; lastKnownFileType = sourcecode.swift; path = AddListView.swift; sourceTree = "<group>"; };
		395828A62B2D75ED007E085C /* WriteFolderView.swift */ = {isa = PBXFileReference; lastKnownFileType = sourcecode.swift; path = WriteFolderView.swift; sourceTree = "<group>"; };
		3977865C2BD131200066D5D9 /* Info.plist */ = {isa = PBXFileReference; lastKnownFileType = text.plist; path = Info.plist; sourceTree = "<group>"; };
		39B4A8532B99A6BD00FDFE67 /* PassView.swift */ = {isa = PBXFileReference; lastKnownFileType = sourcecode.swift; path = PassView.swift; sourceTree = "<group>"; };
		39C7D2BD2B8865F9009F32B1 /* SettingView.swift */ = {isa = PBXFileReference; lastKnownFileType = sourcecode.swift; path = SettingView.swift; sourceTree = "<group>"; };
		39C7D2BF2B886C84009F32B1 /* FirstTabView.swift */ = {isa = PBXFileReference; lastKnownFileType = sourcecode.swift; path = FirstTabView.swift; sourceTree = "<group>"; };
		39CC4ABE2B6F602500F070D9 /* CategoryView.swift */ = {isa = PBXFileReference; lastKnownFileType = sourcecode.swift; path = CategoryView.swift; sourceTree = "<group>"; };
		39CC4AC42B6F748E00F070D9 /* CategoryEntity+CoreDataClass.swift */ = {isa = PBXFileReference; lastKnownFileType = sourcecode.swift; path = "CategoryEntity+CoreDataClass.swift"; sourceTree = "<group>"; };
		39CC4AC52B6F748E00F070D9 /* CategoryEntity+CoreDataProperties.swift */ = {isa = PBXFileReference; lastKnownFileType = sourcecode.swift; path = "CategoryEntity+CoreDataProperties.swift"; sourceTree = "<group>"; };
		39CC4AC82B70F8A600F070D9 /* AddCategoryView.swift */ = {isa = PBXFileReference; lastKnownFileType = sourcecode.swift; path = AddCategoryView.swift; sourceTree = "<group>"; };
		39E54C672B2E949100298D98 /* WishListViewModel.swift */ = {isa = PBXFileReference; lastKnownFileType = sourcecode.swift; path = WishListViewModel.swift; sourceTree = "<group>"; };
		39E54C692B3068A800298D98 /* FolderModel+CoreDataClass.swift */ = {isa = PBXFileReference; lastKnownFileType = sourcecode.swift; path = "FolderModel+CoreDataClass.swift"; sourceTree = "<group>"; };
		39E54C6A2B3068A800298D98 /* FolderModel+CoreDataProperties.swift */ = {isa = PBXFileReference; lastKnownFileType = sourcecode.swift; path = "FolderModel+CoreDataProperties.swift"; sourceTree = "<group>"; };
		873B0063C0C8BC0EB78DAD24 /* Pods-WishList.release.xcconfig */ = {isa = PBXFileReference; includeInIndex = 1; lastKnownFileType = text.xcconfig; name = "Pods-WishList.release.xcconfig"; path = "Target Support Files/Pods-WishList/Pods-WishList.release.xcconfig"; sourceTree = "<group>"; };
		E5E9132EB91BDA24446FD0D3 /* Pods_WishList.framework */ = {isa = PBXFileReference; explicitFileType = wrapper.framework; includeInIndex = 0; path = Pods_WishList.framework; sourceTree = BUILT_PRODUCTS_DIR; };
		F98742E72A056DEA8BBE56DD /* Pods-WishList.debug.xcconfig */ = {isa = PBXFileReference; includeInIndex = 1; lastKnownFileType = text.xcconfig; name = "Pods-WishList.debug.xcconfig"; path = "Target Support Files/Pods-WishList/Pods-WishList.debug.xcconfig"; sourceTree = "<group>"; };
/* End PBXFileReference section */

/* Begin PBXFrameworksBuildPhase section */
		395828562B21DB13007E085C /* Frameworks */ = {
			isa = PBXFrameworksBuildPhase;
			buildActionMask = 2147483647;
			files = (
				271AEC777F15A209D0AF018E /* Pods_WishList.framework in Frameworks */,
			);
			runOnlyForDeploymentPostprocessing = 0;
		};
/* End PBXFrameworksBuildPhase section */

/* Begin PBXGroup section */
		23A3FF361C7668C278F5CC06 /* Pods */ = {
			isa = PBXGroup;
			children = (
				F98742E72A056DEA8BBE56DD /* Pods-WishList.debug.xcconfig */,
				873B0063C0C8BC0EB78DAD24 /* Pods-WishList.release.xcconfig */,
			);
			path = Pods;
			sourceTree = "<group>";
		};
		395828502B21DB13007E085C = {
			isa = PBXGroup;
			children = (
				3958285B2B21DB13007E085C /* WishList */,
				3958285A2B21DB13007E085C /* Products */,
				23A3FF361C7668C278F5CC06 /* Pods */,
				561681CC3C99F846F6E7EABC /* Frameworks */,
			);
			sourceTree = "<group>";
		};
		3958285A2B21DB13007E085C /* Products */ = {
			isa = PBXGroup;
			children = (
				395828592B21DB13007E085C /* WishList.app */,
			);
			name = Products;
			sourceTree = "<group>";
		};
		3958285B2B21DB13007E085C /* WishList */ = {
			isa = PBXGroup;
			children = (
				3977865C2BD131200066D5D9 /* Info.plist */,
				3958285C2B21DB13007E085C /* WishListApp.swift */,
				395828722B234829007E085C /* Views */,
				395828A32B2D1CE0007E085C /* ViewModel */,
				395828A22B2D1B29007E085C /* CoreDateModels */,
				395828602B21DB15007E085C /* Assets.xcassets */,
				395828622B21DB15007E085C /* Preview Content */,
			);
			path = WishList;
			sourceTree = "<group>";
		};
		395828622B21DB15007E085C /* Preview Content */ = {
			isa = PBXGroup;
			children = (
				395828632B21DB15007E085C /* Preview Assets.xcassets */,
			);
			path = "Preview Content";
			sourceTree = "<group>";
		};
		395828722B234829007E085C /* Views */ = {
			isa = PBXGroup;
			children = (
				39C7D2BF2B886C84009F32B1 /* FirstTabView.swift */,
				3958286E2B21E148007E085C /* FolderView.swift */,
				395828A62B2D75ED007E085C /* WriteFolderView.swift */,
				395828702B2347FE007E085C /* ListView.swift */,
				395828A42B2D2356007E085C /* AddListView.swift */,
				39CC4ABE2B6F602500F070D9 /* CategoryView.swift */,
				39CC4AC82B70F8A600F070D9 /* AddCategoryView.swift */,
				39C7D2BD2B8865F9009F32B1 /* SettingView.swift */,
				39B4A8532B99A6BD00FDFE67 /* PassView.swift */,
				39361DF02BA020EC008B0AD9 /* SetPassView.swift */,
			);
			path = Views;
			sourceTree = "<group>";
		};
		395828A22B2D1B29007E085C /* CoreDateModels */ = {
			isa = PBXGroup;
			children = (
				395828732B29C152007E085C /* BucketList.xcdatamodeld */,
				39E54C692B3068A800298D98 /* FolderModel+CoreDataClass.swift */,
				39E54C6A2B3068A800298D98 /* FolderModel+CoreDataProperties.swift */,
				395828772B29C576007E085C /* ListModel+CoreDataClass.swift */,
				395828782B29C576007E085C /* ListModel+CoreDataProperties.swift */,
				39CC4AC42B6F748E00F070D9 /* CategoryEntity+CoreDataClass.swift */,
				39CC4AC52B6F748E00F070D9 /* CategoryEntity+CoreDataProperties.swift */,
				3958287B2B29C8CE007E085C /* Persistence.swift */,
			);
			path = CoreDateModels;
			sourceTree = "<group>";
		};
		395828A32B2D1CE0007E085C /* ViewModel */ = {
			isa = PBXGroup;
			children = (
				39E54C672B2E949100298D98 /* WishListViewModel.swift */,
			);
			path = ViewModel;
			sourceTree = "<group>";
		};
		561681CC3C99F846F6E7EABC /* Frameworks */ = {
			isa = PBXGroup;
			children = (
				E5E9132EB91BDA24446FD0D3 /* Pods_WishList.framework */,
			);
			name = Frameworks;
			sourceTree = "<group>";
		};
/* End PBXGroup section */

/* Begin PBXNativeTarget section */
		395828582B21DB13007E085C /* WishList */ = {
			isa = PBXNativeTarget;
			buildConfigurationList = 395828672B21DB15007E085C /* Build configuration list for PBXNativeTarget "WishList" */;
			buildPhases = (
				AAFB65D7686B31F0B2C24B06 /* [CP] Check Pods Manifest.lock */,
				395828552B21DB13007E085C /* Sources */,
				395828562B21DB13007E085C /* Frameworks */,
				395828572B21DB13007E085C /* Resources */,
				7261315362348A40A2578063 /* [CP] Copy Pods Resources */,
			);
			buildRules = (
			);
			dependencies = (
			);
			name = WishList;
			productName = BucketList;
			productReference = 395828592B21DB13007E085C /* WishList.app */;
			productType = "com.apple.product-type.application";
		};
/* End PBXNativeTarget section */

/* Begin PBXProject section */
		395828512B21DB13007E085C /* Project object */ = {
			isa = PBXProject;
			attributes = {
				BuildIndependentTargetsInParallel = 1;
				LastSwiftUpdateCheck = 1500;
				LastUpgradeCheck = 1500;
				TargetAttributes = {
					395828582B21DB13007E085C = {
						CreatedOnToolsVersion = 15.0;
					};
				};
			};
			buildConfigurationList = 395828542B21DB13007E085C /* Build configuration list for PBXProject "WishList" */;
			compatibilityVersion = "Xcode 14.0";
			developmentRegion = en;
			hasScannedForEncodings = 0;
			knownRegions = (
				en,
				Base,
			);
			mainGroup = 395828502B21DB13007E085C;
			productRefGroup = 3958285A2B21DB13007E085C /* Products */;
			projectDirPath = "";
			projectRoot = "";
			targets = (
				395828582B21DB13007E085C /* WishList */,
			);
		};
/* End PBXProject section */

/* Begin PBXResourcesBuildPhase section */
		395828572B21DB13007E085C /* Resources */ = {
			isa = PBXResourcesBuildPhase;
			buildActionMask = 2147483647;
			files = (
				395828642B21DB15007E085C /* Preview Assets.xcassets in Resources */,
				395828612B21DB15007E085C /* Assets.xcassets in Resources */,
			);
			runOnlyForDeploymentPostprocessing = 0;
		};
/* End PBXResourcesBuildPhase section */

/* Begin PBXShellScriptBuildPhase section */
		7261315362348A40A2578063 /* [CP] Copy Pods Resources */ = {
			isa = PBXShellScriptBuildPhase;
			buildActionMask = 2147483647;
			files = (
			);
			inputFileListPaths = (
				"${PODS_ROOT}/Target Support Files/Pods-WishList/Pods-WishList-resources-${CONFIGURATION}-input-files.xcfilelist",
			);
			name = "[CP] Copy Pods Resources";
			outputFileListPaths = (
				"${PODS_ROOT}/Target Support Files/Pods-WishList/Pods-WishList-resources-${CONFIGURATION}-output-files.xcfilelist",
			);
			runOnlyForDeploymentPostprocessing = 0;
			shellPath = /bin/sh;
			shellScript = "\"${PODS_ROOT}/Target Support Files/Pods-WishList/Pods-WishList-resources.sh\"\n";
			showEnvVarsInLog = 0;
		};
		AAFB65D7686B31F0B2C24B06 /* [CP] Check Pods Manifest.lock */ = {
			isa = PBXShellScriptBuildPhase;
			buildActionMask = 2147483647;
			files = (
			);
			inputFileListPaths = (
			);
			inputPaths = (
				"${PODS_PODFILE_DIR_PATH}/Podfile.lock",
				"${PODS_ROOT}/Manifest.lock",
			);
			name = "[CP] Check Pods Manifest.lock";
			outputFileListPaths = (
			);
			outputPaths = (
				"$(DERIVED_FILE_DIR)/Pods-WishList-checkManifestLockResult.txt",
			);
			runOnlyForDeploymentPostprocessing = 0;
			shellPath = /bin/sh;
			shellScript = "diff \"${PODS_PODFILE_DIR_PATH}/Podfile.lock\" \"${PODS_ROOT}/Manifest.lock\" > /dev/null\nif [ $? != 0 ] ; then\n    # print error to STDERR\n    echo \"error: The sandbox is not in sync with the Podfile.lock. Run 'pod install' or update your CocoaPods installation.\" >&2\n    exit 1\nfi\n# This output is used by Xcode 'outputs' to avoid re-running this script phase.\necho \"SUCCESS\" > \"${SCRIPT_OUTPUT_FILE_0}\"\n";
			showEnvVarsInLog = 0;
		};
/* End PBXShellScriptBuildPhase section */

/* Begin PBXSourcesBuildPhase section */
		395828552B21DB13007E085C /* Sources */ = {
			isa = PBXSourcesBuildPhase;
			buildActionMask = 2147483647;
			files = (
				395828A72B2D75EE007E085C /* WriteFolderView.swift in Sources */,
				3958286F2B21E148007E085C /* FolderView.swift in Sources */,
				39CC4AC92B70F8A600F070D9 /* AddCategoryView.swift in Sources */,
				3958285D2B21DB13007E085C /* WishListApp.swift in Sources */,
				39CC4AC72B6F748E00F070D9 /* CategoryEntity+CoreDataProperties.swift in Sources */,
				395828712B2347FE007E085C /* ListView.swift in Sources */,
				3958287C2B29C8CE007E085C /* Persistence.swift in Sources */,
				39C7D2C02B886C84009F32B1 /* FirstTabView.swift in Sources */,
				39CC4ABF2B6F602500F070D9 /* CategoryView.swift in Sources */,
				395828A52B2D2356007E085C /* AddListView.swift in Sources */,
				39361DF12BA020EC008B0AD9 /* SetPassView.swift in Sources */,
				39C7D2BE2B8865F9009F32B1 /* SettingView.swift in Sources */,
				39E54C6C2B3068A800298D98 /* FolderModel+CoreDataProperties.swift in Sources */,
				3958287A2B29C576007E085C /* ListModel+CoreDataProperties.swift in Sources */,
				39B4A8542B99A6BD00FDFE67 /* PassView.swift in Sources */,
				395828752B29C152007E085C /* BucketList.xcdatamodeld in Sources */,
				395828792B29C576007E085C /* ListModel+CoreDataClass.swift in Sources */,
				39E54C682B2E949100298D98 /* WishListViewModel.swift in Sources */,
				39CC4AC62B6F748E00F070D9 /* CategoryEntity+CoreDataClass.swift in Sources */,
				39E54C6B2B3068A800298D98 /* FolderModel+CoreDataClass.swift in Sources */,
			);
			runOnlyForDeploymentPostprocessing = 0;
		};
/* End PBXSourcesBuildPhase section */

/* Begin XCBuildConfiguration section */
		395828652B21DB15007E085C /* Debug */ = {
			isa = XCBuildConfiguration;
			buildSettings = {
				ALWAYS_SEARCH_USER_PATHS = NO;
				ASSETCATALOG_COMPILER_GENERATE_SWIFT_ASSET_SYMBOL_EXTENSIONS = YES;
				CLANG_ANALYZER_NONNULL = YES;
				CLANG_ANALYZER_NUMBER_OBJECT_CONVERSION = YES_AGGRESSIVE;
				CLANG_CXX_LANGUAGE_STANDARD = "gnu++20";
				CLANG_ENABLE_MODULES = YES;
				CLANG_ENABLE_OBJC_ARC = YES;
				CLANG_ENABLE_OBJC_WEAK = YES;
				CLANG_WARN_BLOCK_CAPTURE_AUTORELEASING = YES;
				CLANG_WARN_BOOL_CONVERSION = YES;
				CLANG_WARN_COMMA = YES;
				CLANG_WARN_CONSTANT_CONVERSION = YES;
				CLANG_WARN_DEPRECATED_OBJC_IMPLEMENTATIONS = YES;
				CLANG_WARN_DIRECT_OBJC_ISA_USAGE = YES_ERROR;
				CLANG_WARN_DOCUMENTATION_COMMENTS = YES;
				CLANG_WARN_EMPTY_BODY = YES;
				CLANG_WARN_ENUM_CONVERSION = YES;
				CLANG_WARN_INFINITE_RECURSION = YES;
				CLANG_WARN_INT_CONVERSION = YES;
				CLANG_WARN_NON_LITERAL_NULL_CONVERSION = YES;
				CLANG_WARN_OBJC_IMPLICIT_RETAIN_SELF = YES;
				CLANG_WARN_OBJC_LITERAL_CONVERSION = YES;
				CLANG_WARN_OBJC_ROOT_CLASS = YES_ERROR;
				CLANG_WARN_QUOTED_INCLUDE_IN_FRAMEWORK_HEADER = YES;
				CLANG_WARN_RANGE_LOOP_ANALYSIS = YES;
				CLANG_WARN_STRICT_PROTOTYPES = YES;
				CLANG_WARN_SUSPICIOUS_MOVE = YES;
				CLANG_WARN_UNGUARDED_AVAILABILITY = YES_AGGRESSIVE;
				CLANG_WARN_UNREACHABLE_CODE = YES;
				CLANG_WARN__DUPLICATE_METHOD_MATCH = YES;
				COPY_PHASE_STRIP = NO;
				DEBUG_INFORMATION_FORMAT = "dwarf-with-dsym";
				ENABLE_STRICT_OBJC_MSGSEND = YES;
				ENABLE_TESTABILITY = YES;
				ENABLE_USER_SCRIPT_SANDBOXING = YES;
				GCC_C_LANGUAGE_STANDARD = gnu17;
				GCC_DYNAMIC_NO_PIC = NO;
				GCC_NO_COMMON_BLOCKS = YES;
				GCC_OPTIMIZATION_LEVEL = 0;
				GCC_PREPROCESSOR_DEFINITIONS = (
					"DEBUG=1",
					"$(inherited)",
				);
				GCC_WARN_64_TO_32_BIT_CONVERSION = YES;
				GCC_WARN_ABOUT_RETURN_TYPE = YES_ERROR;
				GCC_WARN_UNDECLARED_SELECTOR = YES;
				GCC_WARN_UNINITIALIZED_AUTOS = YES_AGGRESSIVE;
				GCC_WARN_UNUSED_FUNCTION = YES;
				GCC_WARN_UNUSED_VARIABLE = YES;
				IPHONEOS_DEPLOYMENT_TARGET = 17.0;
				LOCALIZATION_PREFERS_STRING_CATALOGS = YES;
				MTL_ENABLE_DEBUG_INFO = INCLUDE_SOURCE;
				MTL_FAST_MATH = YES;
				ONLY_ACTIVE_ARCH = YES;
				SDKROOT = iphoneos;
				SWIFT_ACTIVE_COMPILATION_CONDITIONS = "DEBUG $(inherited)";
				SWIFT_OPTIMIZATION_LEVEL = "-Onone";
			};
			name = Debug;
		};
		395828662B21DB15007E085C /* Release */ = {
			isa = XCBuildConfiguration;
			buildSettings = {
				ALWAYS_SEARCH_USER_PATHS = NO;
				ASSETCATALOG_COMPILER_GENERATE_SWIFT_ASSET_SYMBOL_EXTENSIONS = YES;
				CLANG_ANALYZER_NONNULL = YES;
				CLANG_ANALYZER_NUMBER_OBJECT_CONVERSION = YES_AGGRESSIVE;
				CLANG_CXX_LANGUAGE_STANDARD = "gnu++20";
				CLANG_ENABLE_MODULES = YES;
				CLANG_ENABLE_OBJC_ARC = YES;
				CLANG_ENABLE_OBJC_WEAK = YES;
				CLANG_WARN_BLOCK_CAPTURE_AUTORELEASING = YES;
				CLANG_WARN_BOOL_CONVERSION = YES;
				CLANG_WARN_COMMA = YES;
				CLANG_WARN_CONSTANT_CONVERSION = YES;
				CLANG_WARN_DEPRECATED_OBJC_IMPLEMENTATIONS = YES;
				CLANG_WARN_DIRECT_OBJC_ISA_USAGE = YES_ERROR;
				CLANG_WARN_DOCUMENTATION_COMMENTS = YES;
				CLANG_WARN_EMPTY_BODY = YES;
				CLANG_WARN_ENUM_CONVERSION = YES;
				CLANG_WARN_INFINITE_RECURSION = YES;
				CLANG_WARN_INT_CONVERSION = YES;
				CLANG_WARN_NON_LITERAL_NULL_CONVERSION = YES;
				CLANG_WARN_OBJC_IMPLICIT_RETAIN_SELF = YES;
				CLANG_WARN_OBJC_LITERAL_CONVERSION = YES;
				CLANG_WARN_OBJC_ROOT_CLASS = YES_ERROR;
				CLANG_WARN_QUOTED_INCLUDE_IN_FRAMEWORK_HEADER = YES;
				CLANG_WARN_RANGE_LOOP_ANALYSIS = YES;
				CLANG_WARN_STRICT_PROTOTYPES = YES;
				CLANG_WARN_SUSPICIOUS_MOVE = YES;
				CLANG_WARN_UNGUARDED_AVAILABILITY = YES_AGGRESSIVE;
				CLANG_WARN_UNREACHABLE_CODE = YES;
				CLANG_WARN__DUPLICATE_METHOD_MATCH = YES;
				COPY_PHASE_STRIP = NO;
				DEBUG_INFORMATION_FORMAT = "dwarf-with-dsym";
				ENABLE_NS_ASSERTIONS = NO;
				ENABLE_STRICT_OBJC_MSGSEND = YES;
				ENABLE_USER_SCRIPT_SANDBOXING = YES;
				GCC_C_LANGUAGE_STANDARD = gnu17;
				GCC_NO_COMMON_BLOCKS = YES;
				GCC_WARN_64_TO_32_BIT_CONVERSION = YES;
				GCC_WARN_ABOUT_RETURN_TYPE = YES_ERROR;
				GCC_WARN_UNDECLARED_SELECTOR = YES;
				GCC_WARN_UNINITIALIZED_AUTOS = YES_AGGRESSIVE;
				GCC_WARN_UNUSED_FUNCTION = YES;
				GCC_WARN_UNUSED_VARIABLE = YES;
				IPHONEOS_DEPLOYMENT_TARGET = 17.0;
				LOCALIZATION_PREFERS_STRING_CATALOGS = YES;
				MTL_ENABLE_DEBUG_INFO = NO;
				MTL_FAST_MATH = YES;
				SDKROOT = iphoneos;
				SWIFT_COMPILATION_MODE = wholemodule;
				VALIDATE_PRODUCT = YES;
			};
			name = Release;
		};
		395828682B21DB15007E085C /* Debug */ = {
			isa = XCBuildConfiguration;
			baseConfigurationReference = F98742E72A056DEA8BBE56DD /* Pods-WishList.debug.xcconfig */;
			buildSettings = {
				ASSETCATALOG_COMPILER_APPICON_NAME = AppIcon;
				ASSETCATALOG_COMPILER_GLOBAL_ACCENT_COLOR_NAME = AccentColor;
				CODE_SIGN_STYLE = Automatic;
				CURRENT_PROJECT_VERSION = 5;
				DEVELOPMENT_ASSET_PATHS = "\"WishList/Preview Content\"";
				DEVELOPMENT_TEAM = KDZUTKP4G4;
				ENABLE_PREVIEWS = YES;
				GENERATE_INFOPLIST_FILE = YES;
				INFOPLIST_FILE = WishList/Info.plist;
				INFOPLIST_KEY_CFBundleDisplayName = "-Wish List- やりたい・叶えたいことリスト";
				INFOPLIST_KEY_UIApplicationSceneManifest_Generation = YES;
				INFOPLIST_KEY_UIApplicationSupportsIndirectInputEvents = YES;
				INFOPLIST_KEY_UILaunchScreen_Generation = YES;
				INFOPLIST_KEY_UIStatusBarStyle = "";
				INFOPLIST_KEY_UISupportedInterfaceOrientations = "UIInterfaceOrientationLandscapeLeft UIInterfaceOrientationLandscapeRight UIInterfaceOrientationPortrait UIInterfaceOrientationPortraitUpsideDown";
				INFOPLIST_KEY_UIUserInterfaceStyle = Light;
				IPHONEOS_DEPLOYMENT_TARGET = 17.0;
				LD_RUNPATH_SEARCH_PATHS = (
					"$(inherited)",
					"@executable_path/Frameworks",
				);
				MARKETING_VERSION = 1.0.2;
				PRODUCT_BUNDLE_IDENTIFIER = com.gmail.dp.app.pochi.BucketList;
				PRODUCT_NAME = "$(TARGET_NAME)";
				SUPPORTED_PLATFORMS = "iphoneos iphonesimulator";
				SUPPORTS_MACCATALYST = NO;
				SUPPORTS_MAC_DESIGNED_FOR_IPHONE_IPAD = NO;
				SWIFT_EMIT_LOC_STRINGS = YES;
				SWIFT_VERSION = 5.0;
				TARGETED_DEVICE_FAMILY = 1;
			};
			name = Debug;
		};
		395828692B21DB15007E085C /* Release */ = {
			isa = XCBuildConfiguration;
			baseConfigurationReference = 873B0063C0C8BC0EB78DAD24 /* Pods-WishList.release.xcconfig */;
			buildSettings = {
				ASSETCATALOG_COMPILER_APPICON_NAME = AppIcon;
				ASSETCATALOG_COMPILER_GLOBAL_ACCENT_COLOR_NAME = AccentColor;
				CODE_SIGN_STYLE = Automatic;
				CURRENT_PROJECT_VERSION = 5;
				DEVELOPMENT_ASSET_PATHS = "\"WishList/Preview Content\"";
				DEVELOPMENT_TEAM = KDZUTKP4G4;
				ENABLE_PREVIEWS = YES;
				GENERATE_INFOPLIST_FILE = YES;
				INFOPLIST_FILE = WishList/Info.plist;
				INFOPLIST_KEY_CFBundleDisplayName = "-Wish List- やりたい・叶えたいことリスト";
				INFOPLIST_KEY_UIApplicationSceneManifest_Generation = YES;
				INFOPLIST_KEY_UIApplicationSupportsIndirectInputEvents = YES;
				INFOPLIST_KEY_UILaunchScreen_Generation = YES;
				INFOPLIST_KEY_UIStatusBarStyle = "";
				INFOPLIST_KEY_UISupportedInterfaceOrientations = "UIInterfaceOrientationLandscapeLeft UIInterfaceOrientationLandscapeRight UIInterfaceOrientationPortrait UIInterfaceOrientationPortraitUpsideDown";
				INFOPLIST_KEY_UIUserInterfaceStyle = Light;
				IPHONEOS_DEPLOYMENT_TARGET = 17.0;
				LD_RUNPATH_SEARCH_PATHS = (
					"$(inherited)",
					"@executable_path/Frameworks",
				);
				MARKETING_VERSION = 1.0.2;
				PRODUCT_BUNDLE_IDENTIFIER = com.gmail.dp.app.pochi.BucketList;
				PRODUCT_NAME = "$(TARGET_NAME)";
				SUPPORTED_PLATFORMS = "iphoneos iphonesimulator";
				SUPPORTS_MACCATALYST = NO;
				SUPPORTS_MAC_DESIGNED_FOR_IPHONE_IPAD = NO;
				SWIFT_EMIT_LOC_STRINGS = YES;
				SWIFT_VERSION = 5.0;
				TARGETED_DEVICE_FAMILY = 1;
			};
			name = Release;
		};
/* End XCBuildConfiguration section */

/* Begin XCConfigurationList section */
		395828542B21DB13007E085C /* Build configuration list for PBXProject "WishList" */ = {
			isa = XCConfigurationList;
			buildConfigurations = (
				395828652B21DB15007E085C /* Debug */,
				395828662B21DB15007E085C /* Release */,
			);
			defaultConfigurationIsVisible = 0;
			defaultConfigurationName = Release;
		};
		395828672B21DB15007E085C /* Build configuration list for PBXNativeTarget "WishList" */ = {
			isa = XCConfigurationList;
			buildConfigurations = (
				395828682B21DB15007E085C /* Debug */,
				395828692B21DB15007E085C /* Release */,
			);
			defaultConfigurationIsVisible = 0;
			defaultConfigurationName = Release;
		};
/* End XCConfigurationList section */

/* Begin XCVersionGroup section */
		395828732B29C152007E085C /* BucketList.xcdatamodeld */ = {
			isa = XCVersionGroup;
			children = (
				39361DF62BA1CC34008B0AD9 /* ListModel 2.xcdatamodel */,
				395828742B29C152007E085C /* ListModel.xcdatamodel */,
			);
			currentVersion = 39361DF62BA1CC34008B0AD9 /* ListModel 2.xcdatamodel */;
			path = BucketList.xcdatamodeld;
			sourceTree = "<group>";
			versionGroupType = wrapper.xcdatamodel;
		};
/* End XCVersionGroup section */
	};
	rootObject = 395828512B21DB13007E085C /* Project object */;
}
